
Microsoft Visual Studio Solution File, Format Version 12.00
# Visual Studio Version 17
VisualStudioVersion = 17.13.35818.85 d17.13
MinimumVisualStudioVersion = 10.0.40219.1
Project("{FAE04EC0-301F-11D3-BF4B-00C04F79EFBC}") = "RealTalk AI", "RealTalk AI.csproj", "{E2BFF945-DAE1-4CF3-98AE-E2A2C48A14CD}"
EndProject
Global
	GlobalSection(SolutionConfigurationPlatforms) = preSolution
		Debug|Any CPU = Debug|Any CPU
		Release|Any CPU = Release|Any CPU
	EndGlobalSection
	GlobalSection(ProjectConfigurationPlatforms) = postSolution
		{E2BFF945-DAE1-4CF3-98AE-E2A2C48A14CD}.Debug|Any CPU.ActiveCfg = Debug|Any CPU
		{E2BFF945-DAE1-4CF3-98AE-E2A2C48A14CD}.Debug|Any CPU.Build.0 = Debug|Any CPU
		{E2BFF945-DAE1-4CF3-98AE-E2A2C48A14CD}.Debug|Any CPU.Deploy.0 = Debug|Any CPU
		{E2BFF945-DAE1-4CF3-98AE-E2A2C48A14CD}.Release|Any CPU.ActiveCfg = Release|Any CPU
		{E2BFF945-DAE1-4CF3-98AE-E2A2C48A14CD}.Release|Any CPU.Build.0 = Release|Any CPU
		{E2BFF945-DAE1-4CF3-98AE-E2A2C48A14CD}.Release|Any CPU.Deploy.0 = Release|Any CPU
	EndGlobalSection
	GlobalSection(SolutionProperties) = preSolution
		HideSolutionNode = FALSE
	EndGlobalSection
	GlobalSection(ExtensibilityGlobals) = postSolution
		SolutionGuid = {22EB24D6-F513-4EDE-A9DE-AF77CE0C96C3}
	EndGlobalSection
EndGlobal
